// !$*UTF8*$!
{
	archiveVersion = 1;
	classes = {
	};
	objectVersion = 46;
	objects = {

/* Begin PBXFileReference section */
		BFF6717E4959BE158BE80486 /* CircularBuffer.h */ = {isa = PBXFileReference; fileEncoding = 4; lastKnownFileType = sourcecode.c.h; path = CircularBuffer.h; sourceTree = "<group>"; };
		BFF67444345DEA3735E36D51 /* ListBuffer.cpp */ = {isa = PBXFileReference; fileEncoding = 4; lastKnownFileType = sourcecode.cpp.cpp; path = ListBuffer.cpp; sourceTree = "<group>"; };
		BFF677579AD560E71FC7B13A /* ListBuffer.h */ = {isa = PBXFileReference; fileEncoding = 4; lastKnownFileType = sourcecode.c.h; path = ListBuffer.h; sourceTree = "<group>"; };
		BFF67865C2F4675CEF0E0412 /* CircularBuffer.cpp */ = {isa = PBXFileReference; fileEncoding = 4; lastKnownFileType = sourcecode.cpp.cpp; path = CircularBuffer.cpp; sourceTree = "<group>"; };
		BFF679E05D3C47D737F94F90 /* buf */ = {isa = PBXFileReference; fileEncoding = 4; lastKnownFileType = text; path = buf; sourceTree = "<group>"; };
		BFF67A1C8A74DB9B84F27E21 /* Info.plist */ = {isa = PBXFileReference; fileEncoding = 4; lastKnownFileType = text.plist.info; path = Info.plist; sourceTree = "<group>"; };
		BFF67AAD53539CC3A8A9DD03 /* BuffersTest.cpp */ = {isa = PBXFileReference; fileEncoding = 4; lastKnownFileType = sourcecode.cpp.cpp; path = BuffersTest.cpp; sourceTree = "<group>"; };
		BFF67B214E6CB3F845101AD9 /* AbstractBuffer.cpp */ = {isa = PBXFileReference; fileEncoding = 4; lastKnownFileType = sourcecode.cpp.cpp; path = AbstractBuffer.cpp; sourceTree = "<group>"; };
		BFF67B56CC07E0D0EE1F3FDE /* buf */ = {isa = PBXFileReference; fileEncoding = 4; lastKnownFileType = text; path = buf; sourceTree = "<group>"; };
		BFF67BBCA7B718CBE85145E7 /* AbstractBuffer.h */ = {isa = PBXFileReference; fileEncoding = 4; lastKnownFileType = sourcecode.c.h; path = AbstractBuffer.h; sourceTree = "<group>"; };
		BFF67CDC48564139AA4BC8FE /* Makefile */ = {isa = PBXFileReference; fileEncoding = 4; lastKnownFileType = sourcecode.make; path = Makefile; sourceTree = "<group>"; };
		BFF67D7FEF1B9E2B486B630D /* BuffersTest.h */ = {isa = PBXFileReference; fileEncoding = 4; lastKnownFileType = sourcecode.c.h; path = BuffersTest.h; sourceTree = "<group>"; };
		BFF67E1958CD1BF83395A989 /* main.cpp */ = {isa = PBXFileReference; fileEncoding = 4; lastKnownFileType = sourcecode.cpp.cpp; path = main.cpp; sourceTree = "<group>"; };
		BFF67E9A8EDB22FAF47473C4 /* .empty */ = {isa = PBXFileReference; lastKnownFileType = file.empty; path = .empty; sourceTree = "<group>"; };
		BFF67ED95F0264DAC3AC9FCB /* README.md */ = {isa = PBXFileReference; lastKnownFileType = file.md; path = README.md; sourceTree = "<group>"; };
/* End PBXFileReference section */

/* Begin PBXGroup section */
		BFF6707964FF10819EEB7159 /* src */ = {
			isa = PBXGroup;
			children = (
				BFF67E1958CD1BF83395A989 /* main.cpp */,
				BFF67B214E6CB3F845101AD9 /* AbstractBuffer.cpp */,
				BFF67BBCA7B718CBE85145E7 /* AbstractBuffer.h */,
				BFF67865C2F4675CEF0E0412 /* CircularBuffer.cpp */,
				BFF6717E4959BE158BE80486 /* CircularBuffer.h */,
				BFF67444345DEA3735E36D51 /* ListBuffer.cpp */,
				BFF677579AD560E71FC7B13A /* ListBuffer.h */,
				BFF67AAD53539CC3A8A9DD03 /* BuffersTest.cpp */,
				BFF67D7FEF1B9E2B486B630D /* BuffersTest.h */,
			);
			path = src;
			sourceTree = "<group>";
		};
		BFF672615E1B182DB7EFD5FD /* Resources */ = {
			isa = PBXGroup;
			children = (
				BFF672B04497EA275F43F373 /* DWARF */,
			);
			path = Resources;
			sourceTree = "<group>";
		};
		BFF672B04497EA275F43F373 /* DWARF */ = {
			isa = PBXGroup;
			children = (
				BFF67B56CC07E0D0EE1F3FDE /* buf */,
			);
			path = DWARF;
			sourceTree = "<group>";
		};
		BFF674CA64C422880617C757 /* bin */ = {
			isa = PBXGroup;
			children = (
				BFF679E05D3C47D737F94F90 /* buf */,
				BFF67E9A8EDB22FAF47473C4 /* .empty */,
				BFF677323FB67B4C5BC4F720 /* buf.dSYM */,
			);
			path = bin;
			sourceTree = "<group>";
		};
		BFF677323FB67B4C5BC4F720 /* buf.dSYM */ = {
			isa = PBXGroup;
			children = (
				BFF678F8BB32F14F78AFB582 /* Contents */,
			);
			path = buf.dSYM;
			sourceTree = "<group>";
		};
		BFF678F8BB32F14F78AFB582 /* Contents */ = {
			isa = PBXGroup;
			children = (
				BFF672615E1B182DB7EFD5FD /* Resources */,
				BFF67A1C8A74DB9B84F27E21 /* Info.plist */,
			);
			path = Contents;
			sourceTree = "<group>";
		};
		BFF67F079F04473387740E80 = {
			isa = PBXGroup;
			children = (
				BFF67CDC48564139AA4BC8FE /* Makefile */,
				BFF67ED95F0264DAC3AC9FCB /* README.md */,
				BFF6707964FF10819EEB7159 /* src */,
				BFF674CA64C422880617C757 /* bin */,
			);
			sourceTree = "<group>";
		};
/* End PBXGroup section */

/* Begin PBXLegacyTarget section */
		90FE96521862499000070EC4 /* PROI-LAB2 */ = {
			isa = PBXLegacyTarget;
			buildArgumentsString = "$(ACTION)";
			buildConfigurationList = 90FE96531862499000070EC4 /* Build configuration list for PBXLegacyTarget "PROI-LAB2" */;
			buildPhases = (
			);
			buildToolPath = /usr/bin/make;
			dependencies = (
			);
			name = "PROI-LAB2";
			passBuildSettingsInEnvironment = 1;
			productName = "PROI-LAB2";
		};
/* End PBXLegacyTarget section */

/* Begin PBXProject section */
		BFF6777CE35CCE2AD4890E55 /* Project object */ = {
			isa = PBXProject;
			attributes = {
				ORGANIZATIONNAME = "Michal Swietochowski";
			};
			buildConfigurationList = BFF67BFC11FD553FE335C1AD /* Build configuration list for PBXProject "PROI-LAB2" */;
			compatibilityVersion = "Xcode 3.2";
			developmentRegion = English;
			hasScannedForEncodings = 0;
			knownRegions = (
				en,
			);
			mainGroup = BFF67F079F04473387740E80;
			projectDirPath = "";
			projectRoot = "";
			targets = (
				90FE96521862499000070EC4 /* PROI-LAB2 */,
			);
		};
/* End PBXProject section */

/* Begin XCBuildConfiguration section */
		90FE96541862499000070EC4 /* Release */ = {
			isa = XCBuildConfiguration;
			buildSettings = {
				OTHER_CFLAGS = "";
				OTHER_LDFLAGS = "";
				PRODUCT_NAME = "$(TARGET_NAME)";
			};
			name = Release;
		};
		90FE96551862499000070EC4 /* Debug */ = {
			isa = XCBuildConfiguration;
			buildSettings = {
				DEBUGGING_SYMBOLS = YES;
				GCC_GENERATE_DEBUGGING_SYMBOLS = YES;
				GCC_OPTIMIZATION_LEVEL = 0;
				GCC_PREPROCESSOR_DEFINITIONS = (
					"DEBUG=1",
					"$(inherited)",
				);
				OTHER_CFLAGS = "";
				OTHER_LDFLAGS = "";
				PRODUCT_NAME = "$(TARGET_NAME)";
			};
			name = Debug;
		};
		BFF6788561703D00133EA5E4 /* Debug */ = {
			isa = XCBuildConfiguration;
			buildSettings = {
				ALWAYS_SEARCH_USER_PATHS = NO;
				CLANG_CXX_LANGUAGE_STANDARD = "gnu++0x";
				CLANG_CXX_LIBRARY = "libc++";
				CLANG_ENABLE_OBJC_ARC = YES;
				CLANG_WARN_BOOL_CONVERSION = YES;
				CLANG_WARN_CONSTANT_CONVERSION = YES;
				CLANG_WARN_DIRECT_OBJC_ISA_USAGE = YES_ERROR;
				CLANG_WARN_EMPTY_BODY = YES;
				CLANG_WARN_ENUM_CONVERSION = YES;
				CLANG_WARN_INT_CONVERSION = YES;
				CLANG_WARN_OBJC_ROOT_CLASS = YES_ERROR;
				CLANG_WARN__DUPLICATE_METHOD_MATCH = YES;
				COPY_PHASE_STRIP = NO;
				GCC_C_LANGUAGE_STANDARD = gnu99;
				GCC_DYNAMIC_NO_PIC = NO;
				GCC_ENABLE_OBJC_EXCEPTIONS = YES;
				GCC_OPTIMIZATION_LEVEL = 0;
				GCC_PREPROCESSOR_DEFINITIONS = (
					"DEBUG=1",
					"$(inherited)",
				);
				GCC_SYMBOLS_PRIVATE_EXTERN = NO;
				GCC_WARN_64_TO_32_BIT_CONVERSION = YES;
				GCC_WARN_ABOUT_RETURN_TYPE = YES_ERROR;
				GCC_WARN_UNDECLARED_SELECTOR = YES;
				GCC_WARN_UNINITIALIZED_AUTOS = YES;
				GCC_WARN_UNUSED_FUNCTION = YES;
				GCC_WARN_UNUSED_VARIABLE = YES;
				MACOSX_DEPLOYMENT_TARGET = 10.9;
				ONLY_ACTIVE_ARCH = YES;
				SDKROOT = macosx;
			};
			name = Debug;
		};
		BFF67BB243503470CB9C3B1A /* Release */ = {
			isa = XCBuildConfiguration;
			buildSettings = {
				ALWAYS_SEARCH_USER_PATHS = NO;
				CLANG_CXX_LANGUAGE_STANDARD = "gnu++0x";
				CLANG_CXX_LIBRARY = "libc++";
				CLANG_ENABLE_OBJC_ARC = YES;
				CLANG_WARN_BOOL_CONVERSION = YES;
				CLANG_WARN_CONSTANT_CONVERSION = YES;
				CLANG_WARN_DIRECT_OBJC_ISA_USAGE = YES_ERROR;
				CLANG_WARN_EMPTY_BODY = YES;
				CLANG_WARN_ENUM_CONVERSION = YES;
				CLANG_WARN_INT_CONVERSION = YES;
				CLANG_WARN_OBJC_ROOT_CLASS = YES_ERROR;
				CLANG_WARN__DUPLICATE_METHOD_MATCH = YES;
				COPY_PHASE_STRIP = YES;
				DEBUG_INFORMATION_FORMAT = "dwarf-with-dsym";
				ENABLE_NS_ASSERTIONS = NO;
				GCC_C_LANGUAGE_STANDARD = gnu99;
				GCC_ENABLE_OBJC_EXCEPTIONS = YES;
				GCC_WARN_64_TO_32_BIT_CONVERSION = YES;
				GCC_WARN_ABOUT_RETURN_TYPE = YES_ERROR;
				GCC_WARN_UNDECLARED_SELECTOR = YES;
				GCC_WARN_UNINITIALIZED_AUTOS = YES;
				GCC_WARN_UNUSED_FUNCTION = YES;
				GCC_WARN_UNUSED_VARIABLE = YES;
				MACOSX_DEPLOYMENT_TARGET = 10.9;
				SDKROOT = macosx;
			};
			name = Release;
		};
/* End XCBuildConfiguration section */

/* Begin XCConfigurationList section */
		90FE96531862499000070EC4 /* Build configuration list for PBXLegacyTarget "PROI-LAB2" */ = {
			isa = XCConfigurationList;
			buildConfigurations = (
				90FE96541862499000070EC4 /* Release */,
				90FE96551862499000070EC4 /* Debug */,
			);
			defaultConfigurationIsVisible = 0;
		};
		BFF67BFC11FD553FE335C1AD /* Build configuration list for PBXProject "PROI-LAB2" */ = {
			isa = XCConfigurationList;
			buildConfigurations = (
				BFF67BB243503470CB9C3B1A /* Release */,
				BFF6788561703D00133EA5E4 /* Debug */,
			);
			defaultConfigurationIsVisible = 0;
			defaultConfigurationName = Release;
		};
/* End XCConfigurationList section */
	};
	rootObject = BFF6777CE35CCE2AD4890E55 /* Project object */;
}
